{
  "originHash" : "035cf86f5c53fded3278ebc31275bdac7725ea8c7321e55f05743ece8d32ecb3",
  "pins" : [
    {
      "identity" : "threemfkit",
      "kind" : "remoteSourceControl",
      "location" : "https://github.com/trsdn/ThreeMFKit.git",
      "state" : {
        "revision" : "1c3756fcc64f00e8a7ec927156908934ddbdc541",
        "version" : "1.0.1"
      }
    },
    {
      "identity" : "zipfoundation",
      "kind" : "remoteSourceControl",
      "location" : "https://github.com/weichsel/ZIPFoundation.git",
      "state" : {
        "revision" : "22787ffb59de99e5dc1fbfe80b19c97a904ad48d",
        "version" : "0.9.20"
      }
    }
  ],
  "version" : 3
}
